<?xml version="1.0" encoding="utf-8"?>
<Project ToolsVersion="4.0" xmlns="http://schemas.microsoft.com/developer/msbuild/2003">
  <ItemGroup>
    <Filter Include="KnightScanLineZbuffer">
      <UniqueIdentifier>{492108d1-dbd3-4fec-ba3a-16df903583c4}</UniqueIdentifier>
    </Filter>
    <Filter Include="FrameWork">
      <UniqueIdentifier>{5b4c6326-11ac-49d2-bce2-7eba75852394}</UniqueIdentifier>
    </Filter>
    <Filter Include="FrameWork\资源文件">
      <UniqueIdentifier>{67DA6AB6-F800-4c08-8B7A-83BB121AAD01}</UniqueIdentifier>
      <Extensions>rc;ico;cur;bmp;dlg;rc2;rct;bin;rgs;gif;jpg;jpeg;jpe;resx;tiff;tif;png;wav</Extensions>
    </Filter>
    <Filter Include="KnightGlobal">
      <UniqueIdentifier>{f26bade8-2b8b-4605-a5e6-09f9c81b56a1}</UniqueIdentifier>
    </Filter>
    <Filter Include="KnightDebug">
      <UniqueIdentifier>{d1978bd3-c70a-4aeb-8de5-5cd055aef429}</UniqueIdentifier>
    </Filter>
    <Filter Include="KnightMesh">
      <UniqueIdentifier>{b3730e39-dcbb-466d-a3a1-32c70900794f}</UniqueIdentifier>
    </Filter>
    <Filter Include="KnightMath">
      <UniqueIdentifier>{afcb17b5-2040-42e4-b5d0-6928facc1810}</UniqueIdentifier>
    </Filter>
    <Filter Include="KnightEngine">
      <UniqueIdentifier>{45131550-c64c-4f9f-865b-7e42668faf0d}</UniqueIdentifier>
    </Filter>
  </ItemGroup>
  <ItemGroup>
    <ClInclude Include="KnightScanLineZbuffer\Algorithm.h">
      <Filter>KnightScanLineZbuffer</Filter>
    </ClInclude>
    <ClInclude Include="KnightScanLineZbuffer\KnightActiveList.h">
      <Filter>KnightScanLineZbuffer</Filter>
    </ClInclude>
    <ClInclude Include="KnightScanLineZbuffer\KnightBucket.h">
      <Filter>KnightScanLineZbuffer</Filter>
    </ClInclude>
    <ClInclude Include="KnightScanLineZbuffer\KnightBuffer.h">
      <Filter>KnightScanLineZbuffer</Filter>
    </ClInclude>
    <ClInclude Include="KnightScanLineZbuffer\KnightScanLineZbuffer.h">
      <Filter>KnightScanLineZbuffer</Filter>
    </ClInclude>
    <ClInclude Include="KnightZbuffer.h">
      <Filter>FrameWork</Filter>
    </ClInclude>
    <ClInclude Include="KnightZbufferDoc.h">
      <Filter>FrameWork</Filter>
    </ClInclude>
    <ClInclude Include="KnightZbufferView.h">
      <Filter>FrameWork</Filter>
    </ClInclude>
    <ClInclude Include="MainFrm.h">
      <Filter>FrameWork</Filter>
    </ClInclude>
    <ClInclude Include="Resource.h">
      <Filter>FrameWork</Filter>
    </ClInclude>
    <ClInclude Include="stdafx.h">
      <Filter>FrameWork</Filter>
    </ClInclude>
    <ClInclude Include="KnightGlobal\KnightGlobal.h">
      <Filter>KnightGlobal</Filter>
    </ClInclude>
    <ClInclude Include="KnightDebug\KnightDebug.h">
      <Filter>KnightDebug</Filter>
    </ClInclude>
    <ClInclude Include="KnightMesh\KnightMesh.h">
      <Filter>KnightMesh</Filter>
    </ClInclude>
    <ClInclude Include="KnightMesh\KnightObj.h">
      <Filter>KnightMesh</Filter>
    </ClInclude>
    <ClInclude Include="KnightMesh\KnightTriple.h">
      <Filter>KnightMesh</Filter>
    </ClInclude>
    <ClInclude Include="KnightMath\KnightMath.h">
      <Filter>KnightMath</Filter>
    </ClInclude>
    <ClInclude Include="KnightEngine\EngineMain.h">
      <Filter>KnightEngine</Filter>
    </ClInclude>
    <ClInclude Include="KnightEngine\KnightDefine.h">
      <Filter>KnightEngine</Filter>
    </ClInclude>
    <ClInclude Include="KnightEngine\KnightEngine.h">
      <Filter>KnightEngine</Filter>
    </ClInclude>
    <ClInclude Include="KnightEngine\KnightEngineInterface.h">
      <Filter>KnightEngine</Filter>
    </ClInclude>
    <ClInclude Include="KnightEngine\KnightOpenGL.h">
      <Filter>KnightEngine</Filter>
    </ClInclude>
    <ClInclude Include="copyright.h" />
  </ItemGroup>
  <ItemGroup>
    <ClCompile Include="KnightScanLineZbuffer\KnightActiveList.cpp">
      <Filter>KnightScanLineZbuffer</Filter>
    </ClCompile>
    <ClCompile Include="KnightScanLineZbuffer\KnightBucket.cpp">
      <Filter>KnightScanLineZbuffer</Filter>
    </ClCompile>
    <ClCompile Include="KnightScanLineZbuffer\KnightScanLineZbuffer.cpp">
      <Filter>KnightScanLineZbuffer</Filter>
    </ClCompile>
    <ClCompile Include="KnightZbuffer.cpp">
      <Filter>FrameWork</Filter>
    </ClCompile>
    <ClCompile Include="KnightZbufferDoc.cpp">
      <Filter>FrameWork</Filter>
    </ClCompile>
    <ClCompile Include="KnightZbufferView.cpp">
      <Filter>FrameWork</Filter>
    </ClCompile>
    <ClCompile Include="MainFrm.cpp">
      <Filter>FrameWork</Filter>
    </ClCompile>
    <ClCompile Include="stdafx.cpp">
      <Filter>FrameWork</Filter>
    </ClCompile>
    <ClCompile Include="KnightDebug\KnightDebug.cpp">
      <Filter>KnightDebug</Filter>
    </ClCompile>
    <ClCompile Include="KnightMesh\KngihtObj.cpp">
      <Filter>KnightMesh</Filter>
    </ClCompile>
    <ClCompile Include="KnightMesh\KnightMesh.cpp">
      <Filter>KnightMesh</Filter>
    </ClCompile>
    <ClCompile Include="KnightEngine\EngineMain.cpp">
      <Filter>KnightEngine</Filter>
    </ClCompile>
    <ClCompile Include="KnightEngine\KnightOpenGL.cpp">
      <Filter>KnightEngine</Filter>
    </ClCompile>
  </ItemGroup>
  <ItemGroup>
    <Image Include="res\KnightZbuffer.ico">
      <Filter>FrameWork\资源文件</Filter>
    </Image>
    <Image Include="res\KnightZbufferDoc.ico">
      <Filter>FrameWork\资源文件</Filter>
    </Image>
  </ItemGroup>
  <ItemGroup>
    <ResourceCompile Include="KnightZbuffer.rc">
      <Filter>FrameWork\资源文件</Filter>
    </ResourceCompile>
  </ItemGroup>
  <ItemGroup>
    <None Include="res\KnightZbuffer.rc2">
      <Filter>FrameWork\资源文件</Filter>
    </None>
  </ItemGroup>
</Project>